
Microsoft Visual Studio Solution File, Format Version 12.00
# Visual Studio Version 17
VisualStudioVersion = 17.4.33213.308
MinimumVisualStudioVersion = 10.0.40219.1
Project("{FAE04EC0-301F-11D3-BF4B-00C04F79EFBC}") = "Puissance4", "Puissance4.csproj", "{F465E44D-17E1-4891-8829-4BE101B98387}"
EndProject
Project("{FAE04EC0-301F-11D3-BF4B-00C04F79EFBC}") = "BiblioClass", "BiblioClass\BiblioClass.csproj", "{8B35AE8D-27FE-4CE9-A848-28F4D00D3788}"
EndProject
Project("{2150E333-8FDC-42A3-9474-1A3956D46DE8}") = "Éléments de solution", "Éléments de solution", "{8396CF6A-BF49-445B-882D-D7B1250E02D4}"
	ProjectSection(SolutionItems) = preProject
		UnitTest1.cs = UnitTest1.cs
	EndProjectSection
EndProject
Project("{FAE04EC0-301F-11D3-BF4B-00C04F79EFBC}") = "Test1", "..\Test1\Test1.csproj", "{571FB65C-1F89-4153-9644-AAA7F0C437F1}"
EndProject
Global
	GlobalSection(SolutionConfigurationPlatforms) = preSolution
		Debug|Any CPU = Debug|Any CPU
		Release|Any CPU = Release|Any CPU
	EndGlobalSection
	GlobalSection(ProjectConfigurationPlatforms) = postSolution
		{F465E44D-17E1-4891-8829-4BE101B98387}.Debug|Any CPU.ActiveCfg = Debug|Any CPU
		{F465E44D-17E1-4891-8829-4BE101B98387}.Debug|Any CPU.Build.0 = Debug|Any CPU
		{F465E44D-17E1-4891-8829-4BE101B98387}.Release|Any CPU.ActiveCfg = Release|Any CPU
		{F465E44D-17E1-4891-8829-4BE101B98387}.Release|Any CPU.Build.0 = Release|Any CPU
		{8B35AE8D-27FE-4CE9-A848-28F4D00D3788}.Debug|Any CPU.ActiveCfg = Debug|Any CPU
		{8B35AE8D-27FE-4CE9-A848-28F4D00D3788}.Debug|Any CPU.Build.0 = Debug|Any CPU
		{8B35AE8D-27FE-4CE9-A848-28F4D00D3788}.Release|Any CPU.ActiveCfg = Release|Any CPU
		{8B35AE8D-27FE-4CE9-A848-28F4D00D3788}.Release|Any CPU.Build.0 = Release|Any CPU
		{571FB65C-1F89-4153-9644-AAA7F0C437F1}.Debug|Any CPU.ActiveCfg = Debug|Any CPU
		{571FB65C-1F89-4153-9644-AAA7F0C437F1}.Debug|Any CPU.Build.0 = Debug|Any CPU
		{571FB65C-1F89-4153-9644-AAA7F0C437F1}.Release|Any CPU.ActiveCfg = Release|Any CPU
		{571FB65C-1F89-4153-9644-AAA7F0C437F1}.Release|Any CPU.Build.0 = Release|Any CPU
	EndGlobalSection
	GlobalSection(SolutionProperties) = preSolution
		HideSolutionNode = FALSE
	EndGlobalSection
	GlobalSection(ExtensibilityGlobals) = postSolution
		SolutionGuid = {F9BAFBAB-6FA0-4BAB-92BB-C6D25CA4FE42}
	EndGlobalSection
EndGlobal
